
Microsoft Visual Studio Solution File, Format Version 12.00
# Visual Studio Version 17
VisualStudioVersion = 17.3.32825.248
MinimumVisualStudioVersion = 10.0.40219.1
Project("{FAE04EC0-301F-11D3-BF4B-00C04F79EFBC}") = "variables ex", "variables ex\variables ex.csproj", "{BE924998-1DD1-4C02-8E84-EB6C28E423CB}"
EndProject
Global
	GlobalSection(SolutionConfigurationPlatforms) = preSolution
		Debug|Any CPU = Debug|Any CPU
		Release|Any CPU = Release|Any CPU
	EndGlobalSection
	GlobalSection(ProjectConfigurationPlatforms) = postSolution
		{BE924998-1DD1-4C02-8E84-EB6C28E423CB}.Debug|Any CPU.ActiveCfg = Debug|Any CPU
		{BE924998-1DD1-4C02-8E84-EB6C28E423CB}.Debug|Any CPU.Build.0 = Debug|Any CPU
		{BE924998-1DD1-4C02-8E84-EB6C28E423CB}.Release|Any CPU.ActiveCfg = Release|Any CPU
		{BE924998-1DD1-4C02-8E84-EB6C28E423CB}.Release|Any CPU.Build.0 = Release|Any CPU
	EndGlobalSection
	GlobalSection(SolutionProperties) = preSolution
		HideSolutionNode = FALSE
	EndGlobalSection
	GlobalSection(ExtensibilityGlobals) = postSolution
		SolutionGuid = {8D358AB7-6593-4B87-9E4F-C1112A670B10}
	EndGlobalSection
EndGlobal
